
Microsoft Visual Studio Solution File, Format Version 12.00
# Visual Studio 14
VisualStudioVersion = 14.0.25420.1
MinimumVisualStudioVersion = 10.0.40219.1
Project("{FAE04EC0-301F-11D3-BF4B-00C04F79EFBC}") = "DropperDroneAssist", "DropperDroneAssist\DropperDroneAssist.csproj", "{C256ABD8-E6A8-4C5A-B5C6-FE0215AD44B8}"
EndProject
Project("{2150E333-8FDC-42A3-9474-1A3956D46DE8}") = "Referenced Assemblies", "Referenced Assemblies", "{18CA5C52-8126-49A1-874B-D5E5B6611CB0}"
	ProjectSection(SolutionItems) = preProject
		Referenced Assemblies\Assembly-CSharp.dll = Referenced Assemblies\Assembly-CSharp.dll
		Referenced Assemblies\JsonFx.dll = Referenced Assemblies\JsonFx.dll
		Referenced Assemblies\Spectrum.API.dll = Referenced Assemblies\Spectrum.API.dll
		Referenced Assemblies\Spectrum.Interop.dll = Referenced Assemblies\Spectrum.Interop.dll
		Referenced Assemblies\Spectrum.Manager.dll = Referenced Assemblies\Spectrum.Manager.dll
		Referenced Assemblies\UnityEngine.dll = Referenced Assemblies\UnityEngine.dll
		Referenced Assemblies\UnityEngine.Networking.dll = Referenced Assemblies\UnityEngine.Networking.dll
		Referenced Assemblies\UnityEngine.UI.dll = Referenced Assemblies\UnityEngine.UI.dll
		Referenced Assemblies\UnityEngine.VR.dll = Referenced Assemblies\UnityEngine.VR.dll
	EndProjectSection
EndProject
Global
	GlobalSection(SolutionConfigurationPlatforms) = preSolution
		Debug|Any CPU = Debug|Any CPU
		Release|Any CPU = Release|Any CPU
	EndGlobalSection
	GlobalSection(ProjectConfigurationPlatforms) = postSolution
		{C256ABD8-E6A8-4C5A-B5C6-FE0215AD44B8}.Debug|Any CPU.ActiveCfg = Debug|Any CPU
		{C256ABD8-E6A8-4C5A-B5C6-FE0215AD44B8}.Debug|Any CPU.Build.0 = Debug|Any CPU
		{C256ABD8-E6A8-4C5A-B5C6-FE0215AD44B8}.Release|Any CPU.ActiveCfg = Release|Any CPU
		{C256ABD8-E6A8-4C5A-B5C6-FE0215AD44B8}.Release|Any CPU.Build.0 = Release|Any CPU
	EndGlobalSection
	GlobalSection(SolutionProperties) = preSolution
		HideSolutionNode = FALSE
	EndGlobalSection
EndGlobal
